
Microsoft Visual Studio Solution File, Format Version 12.00
# Visual Studio Version 16
VisualStudioVersion = 16.0.29519.181
MinimumVisualStudioVersion = 10.0.40219.1
Project("{FAE04EC0-301F-11D3-BF4B-00C04F79EFBC}") = "dotNETWebAppl_2.0Frame", "dotNETWebAppl_2.0Frame.csproj", "{56BF567B-1218-4C08-B26A-4CE93DF1674E}"
EndProject
Global
	GlobalSection(SolutionConfigurationPlatforms) = preSolution
		Debug|Any CPU = Debug|Any CPU
		Release|Any CPU = Release|Any CPU
	EndGlobalSection
	GlobalSection(ProjectConfigurationPlatforms) = postSolution
		{56BF567B-1218-4C08-B26A-4CE93DF1674E}.Debug|Any CPU.ActiveCfg = Debug|Any CPU
		{56BF567B-1218-4C08-B26A-4CE93DF1674E}.Debug|Any CPU.Build.0 = Debug|Any CPU
		{56BF567B-1218-4C08-B26A-4CE93DF1674E}.Release|Any CPU.ActiveCfg = Release|Any CPU
		{56BF567B-1218-4C08-B26A-4CE93DF1674E}.Release|Any CPU.Build.0 = Release|Any CPU
	EndGlobalSection
	GlobalSection(SolutionProperties) = preSolution
		HideSolutionNode = FALSE
	EndGlobalSection
	GlobalSection(ExtensibilityGlobals) = postSolution
		SolutionGuid = {2F16A39D-454B-4F44-81E3-B700E19CD15B}
	EndGlobalSection
EndGlobal
